
Microsoft Visual Studio Solution File, Format Version 12.00
# Visual Studio 2013
VisualStudioVersion = 12.0.21005.1
MinimumVisualStudioVersion = 10.0.40219.1
Project("{FAE04EC0-301F-11D3-BF4B-00C04F79EFBC}") = "BitCoinSharp.Core", "Source\BitCoinSharp.Core\BitCoinSharp.Core.csproj", "{82B20619-3469-4DB6-8D18-628B64842499}"
EndProject
Project("{FAE04EC0-301F-11D3-BF4B-00C04F79EFBC}") = "BitCoinSharp.Examples", "Examples\BitCoinSharp.Examples.csproj", "{EC3DD824-1552-4D40-B1E0-D2827C95C1AB}"
EndProject
Project("{FAE04EC0-301F-11D3-BF4B-00C04F79EFBC}") = "BitCoinSharp.Tests.Unit", "Tests\BitCoinSharp.Tests.Unit\BitCoinSharp.Tests.Unit.csproj", "{1F699CA0-3353-488F-BA48-26D82B287F2D}"
EndProject
Project("{FAE04EC0-301F-11D3-BF4B-00C04F79EFBC}") = "BitcoinSharp.Tests.Integration", "Tests\BitcoinSharp.Tests.Integration\BitcoinSharp.Tests.Integration.csproj", "{6BC3F5AC-4340-4CB4-8AC6-7248D7398B47}"
EndProject
Project("{2150E333-8FDC-42A3-9474-1A3956D46DE8}") = ".nuget", ".nuget", "{832FC590-5B6A-467E-9BB0-FE01B1904F9A}"
	ProjectSection(SolutionItems) = preProject
		.nuget\NuGet.Config = .nuget\NuGet.Config
		.nuget\NuGet.exe = .nuget\NuGet.exe
		.nuget\NuGet.targets = .nuget\NuGet.targets
	EndProjectSection
EndProject
Global
	GlobalSection(SolutionConfigurationPlatforms) = preSolution
		Debug|Any CPU = Debug|Any CPU
		Release|Any CPU = Release|Any CPU
	EndGlobalSection
	GlobalSection(ProjectConfigurationPlatforms) = postSolution
		{82B20619-3469-4DB6-8D18-628B64842499}.Debug|Any CPU.ActiveCfg = Debug|Any CPU
		{82B20619-3469-4DB6-8D18-628B64842499}.Debug|Any CPU.Build.0 = Debug|Any CPU
		{82B20619-3469-4DB6-8D18-628B64842499}.Release|Any CPU.ActiveCfg = Release|Any CPU
		{82B20619-3469-4DB6-8D18-628B64842499}.Release|Any CPU.Build.0 = Release|Any CPU
		{EC3DD824-1552-4D40-B1E0-D2827C95C1AB}.Debug|Any CPU.ActiveCfg = Debug|Any CPU
		{EC3DD824-1552-4D40-B1E0-D2827C95C1AB}.Debug|Any CPU.Build.0 = Debug|Any CPU
		{EC3DD824-1552-4D40-B1E0-D2827C95C1AB}.Release|Any CPU.ActiveCfg = Release|Any CPU
		{EC3DD824-1552-4D40-B1E0-D2827C95C1AB}.Release|Any CPU.Build.0 = Release|Any CPU
		{1F699CA0-3353-488F-BA48-26D82B287F2D}.Debug|Any CPU.ActiveCfg = Debug|Any CPU
		{1F699CA0-3353-488F-BA48-26D82B287F2D}.Debug|Any CPU.Build.0 = Debug|Any CPU
		{1F699CA0-3353-488F-BA48-26D82B287F2D}.Release|Any CPU.ActiveCfg = Release|Any CPU
		{1F699CA0-3353-488F-BA48-26D82B287F2D}.Release|Any CPU.Build.0 = Release|Any CPU
		{6BC3F5AC-4340-4CB4-8AC6-7248D7398B47}.Debug|Any CPU.ActiveCfg = Debug|Any CPU
		{6BC3F5AC-4340-4CB4-8AC6-7248D7398B47}.Debug|Any CPU.Build.0 = Debug|Any CPU
		{6BC3F5AC-4340-4CB4-8AC6-7248D7398B47}.Release|Any CPU.ActiveCfg = Release|Any CPU
		{6BC3F5AC-4340-4CB4-8AC6-7248D7398B47}.Release|Any CPU.Build.0 = Release|Any CPU
	EndGlobalSection
	GlobalSection(SolutionProperties) = preSolution
		HideSolutionNode = FALSE
	EndGlobalSection
EndGlobal
